// !$*UTF8*$!
{
	archiveVersion = 1;
	classes = {
	};
	objectVersion = 56;
	objects = {

/* Begin PBXBuildFile section */
		409A136D2AFD0D320081503A /* AirbnbSwiftUIApp.swift in Sources */ = {isa = PBXBuildFile; fileRef = 409A136C2AFD0D320081503A /* AirbnbSwiftUIApp.swift */; };
		409A136F2AFD0D320081503A /* ContentView.swift in Sources */ = {isa = PBXBuildFile; fileRef = 409A136E2AFD0D320081503A /* ContentView.swift */; };
		409A13712AFD0D340081503A /* Assets.xcassets in Resources */ = {isa = PBXBuildFile; fileRef = 409A13702AFD0D340081503A /* Assets.xcassets */; };
		409A13742AFD0D340081503A /* Preview Assets.xcassets in Resources */ = {isa = PBXBuildFile; fileRef = 409A13732AFD0D340081503A /* Preview Assets.xcassets */; };
		409A13832AFD0FBB0081503A /* ExploreView.swift in Sources */ = {isa = PBXBuildFile; fileRef = 409A13822AFD0FBB0081503A /* ExploreView.swift */; };
		409A13852AFD11110081503A /* ListingItemView.swift in Sources */ = {isa = PBXBuildFile; fileRef = 409A13842AFD11110081503A /* ListingItemView.swift */; };
		409A13882AFD188B0081503A /* SearchBar.swift in Sources */ = {isa = PBXBuildFile; fileRef = 409A13872AFD188B0081503A /* SearchBar.swift */; };
		40EBB5202AFF5F160041B519 /* ListingDetailView.swift in Sources */ = {isa = PBXBuildFile; fileRef = 40EBB51F2AFF5F160041B519 /* ListingDetailView.swift */; };
		40EBB5232AFF5FCB0041B519 /* ListingImageCarouselView.swift in Sources */ = {isa = PBXBuildFile; fileRef = 40EBB5222AFF5FCB0041B519 /* ListingImageCarouselView.swift */; };
		40EBB5262B01128B0041B519 /* DestinationSearchView.swift in Sources */ = {isa = PBXBuildFile; fileRef = 40EBB5252B01128B0041B519 /* DestinationSearchView.swift */; };
		40EBB5282B0254860041B519 /* ProfileView.swift in Sources */ = {isa = PBXBuildFile; fileRef = 40EBB5272B0254860041B519 /* ProfileView.swift */; };
		40EBB52A2B02567B0041B519 /* ProfileOptionRowView.swift in Sources */ = {isa = PBXBuildFile; fileRef = 40EBB5292B02567B0041B519 /* ProfileOptionRowView.swift */; };
		40EBB52C2B0257C00041B519 /* WishlistsView.swift in Sources */ = {isa = PBXBuildFile; fileRef = 40EBB52B2B0257C00041B519 /* WishlistsView.swift */; };
		40EBB52E2B02595A0041B519 /* MainTabView.swift in Sources */ = {isa = PBXBuildFile; fileRef = 40EBB52D2B02595A0041B519 /* MainTabView.swift */; };
		40EBB5322B025D2E0041B519 /* Listing.swift in Sources */ = {isa = PBXBuildFile; fileRef = 40EBB5312B025D2E0041B519 /* Listing.swift */; };
		40EBB5342B0262500041B519 /* DeveloperPreview.swift in Sources */ = {isa = PBXBuildFile; fileRef = 40EBB5332B0262500041B519 /* DeveloperPreview.swift */; };
		40EBB5382B0266CE0041B519 /* ExploreViewModel.swift in Sources */ = {isa = PBXBuildFile; fileRef = 40EBB5372B0266CE0041B519 /* ExploreViewModel.swift */; };
		40EBB53B2B0267770041B519 /* ExploreService.swift in Sources */ = {isa = PBXBuildFile; fileRef = 40EBB53A2B0267770041B519 /* ExploreService.swift */; };
/* End PBXBuildFile section */

/* Begin PBXFileReference section */
		409A13692AFD0D320081503A /* AirbnbSwiftUI.app */ = {isa = PBXFileReference; explicitFileType = wrapper.application; includeInIndex = 0; path = AirbnbSwiftUI.app; sourceTree = BUILT_PRODUCTS_DIR; };
		409A136C2AFD0D320081503A /* AirbnbSwiftUIApp.swift */ = {isa = PBXFileReference; lastKnownFileType = sourcecode.swift; path = AirbnbSwiftUIApp.swift; sourceTree = "<group>"; };
		409A136E2AFD0D320081503A /* ContentView.swift */ = {isa = PBXFileReference; lastKnownFileType = sourcecode.swift; path = ContentView.swift; sourceTree = "<group>"; };
		409A13702AFD0D340081503A /* Assets.xcassets */ = {isa = PBXFileReference; lastKnownFileType = folder.assetcatalog; path = Assets.xcassets; sourceTree = "<group>"; };
		409A13732AFD0D340081503A /* Preview Assets.xcassets */ = {isa = PBXFileReference; lastKnownFileType = folder.assetcatalog; path = "Preview Assets.xcassets"; sourceTree = "<group>"; };
		409A13822AFD0FBB0081503A /* ExploreView.swift */ = {isa = PBXFileReference; lastKnownFileType = sourcecode.swift; path = ExploreView.swift; sourceTree = "<group>"; };
		409A13842AFD11110081503A /* ListingItemView.swift */ = {isa = PBXFileReference; lastKnownFileType = sourcecode.swift; path = ListingItemView.swift; sourceTree = "<group>"; };
		409A13872AFD188B0081503A /* SearchBar.swift */ = {isa = PBXFileReference; lastKnownFileType = sourcecode.swift; path = SearchBar.swift; sourceTree = "<group>"; };
		40EBB51F2AFF5F160041B519 /* ListingDetailView.swift */ = {isa = PBXFileReference; lastKnownFileType = sourcecode.swift; path = ListingDetailView.swift; sourceTree = "<group>"; };
		40EBB5222AFF5FCB0041B519 /* ListingImageCarouselView.swift */ = {isa = PBXFileReference; lastKnownFileType = sourcecode.swift; path = ListingImageCarouselView.swift; sourceTree = "<group>"; };
		40EBB5252B01128B0041B519 /* DestinationSearchView.swift */ = {isa = PBXFileReference; lastKnownFileType = sourcecode.swift; path = DestinationSearchView.swift; sourceTree = "<group>"; };
		40EBB5272B0254860041B519 /* ProfileView.swift */ = {isa = PBXFileReference; lastKnownFileType = sourcecode.swift; path = ProfileView.swift; sourceTree = "<group>"; };
		40EBB5292B02567B0041B519 /* ProfileOptionRowView.swift */ = {isa = PBXFileReference; lastKnownFileType = sourcecode.swift; path = ProfileOptionRowView.swift; sourceTree = "<group>"; };
		40EBB52B2B0257C00041B519 /* WishlistsView.swift */ = {isa = PBXFileReference; lastKnownFileType = sourcecode.swift; path = WishlistsView.swift; sourceTree = "<group>"; };
		40EBB52D2B02595A0041B519 /* MainTabView.swift */ = {isa = PBXFileReference; lastKnownFileType = sourcecode.swift; path = MainTabView.swift; sourceTree = "<group>"; };
		40EBB5312B025D2E0041B519 /* Listing.swift */ = {isa = PBXFileReference; lastKnownFileType = sourcecode.swift; path = Listing.swift; sourceTree = "<group>"; };
		40EBB5332B0262500041B519 /* DeveloperPreview.swift */ = {isa = PBXFileReference; lastKnownFileType = sourcecode.swift; path = DeveloperPreview.swift; sourceTree = "<group>"; };
		40EBB5372B0266CE0041B519 /* ExploreViewModel.swift */ = {isa = PBXFileReference; lastKnownFileType = sourcecode.swift; path = ExploreViewModel.swift; sourceTree = "<group>"; };
		40EBB53A2B0267770041B519 /* ExploreService.swift */ = {isa = PBXFileReference; lastKnownFileType = sourcecode.swift; path = ExploreService.swift; sourceTree = "<group>"; };
/* End PBXFileReference section */

/* Begin PBXFrameworksBuildPhase section */
		409A13662AFD0D320081503A /* Frameworks */ = {
			isa = PBXFrameworksBuildPhase;
			buildActionMask = 2147483647;
			files = (
			);
			runOnlyForDeploymentPostprocessing = 0;
		};
/* End PBXFrameworksBuildPhase section */

/* Begin PBXGroup section */
		409A13602AFD0D320081503A = {
			isa = PBXGroup;
			children = (
				409A136B2AFD0D320081503A /* AirbnbSwiftUI */,
				409A136A2AFD0D320081503A /* Products */,
			);
			sourceTree = "<group>";
		};
		409A136A2AFD0D320081503A /* Products */ = {
			isa = PBXGroup;
			children = (
				409A13692AFD0D320081503A /* AirbnbSwiftUI.app */,
			);
			name = Products;
			sourceTree = "<group>";
		};
		409A136B2AFD0D320081503A /* AirbnbSwiftUI */ = {
			isa = PBXGroup;
			children = (
				409A137C2AFD0D8E0081503A /* Extensions */,
				409A137B2AFD0D880081503A /* Core */,
				409A137A2AFD0D820081503A /* App */,
				409A137D2AFD0DA20081503A /* Utils */,
				409A136C2AFD0D320081503A /* AirbnbSwiftUIApp.swift */,
				409A136E2AFD0D320081503A /* ContentView.swift */,
				409A13702AFD0D340081503A /* Assets.xcassets */,
				409A13722AFD0D340081503A /* Preview Content */,
			);
			path = AirbnbSwiftUI;
			sourceTree = "<group>";
		};
		409A13722AFD0D340081503A /* Preview Content */ = {
			isa = PBXGroup;
			children = (
				409A13732AFD0D340081503A /* Preview Assets.xcassets */,
			);
			path = "Preview Content";
			sourceTree = "<group>";
		};
		409A137A2AFD0D820081503A /* App */ = {
			isa = PBXGroup;
			children = (
			);
			path = App;
			sourceTree = "<group>";
		};
		409A137B2AFD0D880081503A /* Core */ = {
			isa = PBXGroup;
			children = (
				40EBB5212AFF5FA30041B519 /* Components */,
				409A13802AFD0F450081503A /* TabBar */,
				409A13862AFD114B0081503A /* Listing */,
				409A137E2AFD0F0D0081503A /* Explore */,
				409A13812AFD0F570081503A /* Wishlists */,
				409A137F2AFD0F2E0081503A /* Profile */,
			);
			path = Core;
			sourceTree = "<group>";
		};
		409A137C2AFD0D8E0081503A /* Extensions */ = {
			isa = PBXGroup;
			children = (
				40EBB5332B0262500041B519 /* DeveloperPreview.swift */,
			);
			path = Extensions;
			sourceTree = "<group>";
		};
		409A137D2AFD0DA20081503A /* Utils */ = {
			isa = PBXGroup;
			children = (
			);
			path = Utils;
			sourceTree = "<group>";
		};
		409A137E2AFD0F0D0081503A /* Explore */ = {
			isa = PBXGroup;
			children = (
				40EBB5392B0267500041B519 /* Service */,
				40EBB5362B02669A0041B519 /* ViewModel */,
				40EBB5352B0266950041B519 /* View */,
			);
			path = Explore;
			sourceTree = "<group>";
		};
		409A137F2AFD0F2E0081503A /* Profile */ = {
			isa = PBXGroup;
			children = (
				40EBB5272B0254860041B519 /* ProfileView.swift */,
				40EBB5292B02567B0041B519 /* ProfileOptionRowView.swift */,
			);
			path = Profile;
			sourceTree = "<group>";
		};
		409A13802AFD0F450081503A /* TabBar */ = {
			isa = PBXGroup;
			children = (
				40EBB52D2B02595A0041B519 /* MainTabView.swift */,
			);
			path = TabBar;
			sourceTree = "<group>";
		};
		409A13812AFD0F570081503A /* Wishlists */ = {
			isa = PBXGroup;
			children = (
				40EBB52B2B0257C00041B519 /* WishlistsView.swift */,
			);
			path = Wishlists;
			sourceTree = "<group>";
		};
		409A13862AFD114B0081503A /* Listing */ = {
			isa = PBXGroup;
			children = (
				40EBB5302B025D140041B519 /* Model */,
				40EBB52F2B025D100041B519 /* View */,
			);
			path = Listing;
			sourceTree = "<group>";
		};
		40EBB5212AFF5FA30041B519 /* Components */ = {
			isa = PBXGroup;
			children = (
				40EBB5222AFF5FCB0041B519 /* ListingImageCarouselView.swift */,
			);
			path = Components;
			sourceTree = "<group>";
		};
		40EBB52F2B025D100041B519 /* View */ = {
			isa = PBXGroup;
			children = (
				409A13842AFD11110081503A /* ListingItemView.swift */,
				40EBB51F2AFF5F160041B519 /* ListingDetailView.swift */,
			);
			path = View;
			sourceTree = "<group>";
		};
		40EBB5302B025D140041B519 /* Model */ = {
			isa = PBXGroup;
			children = (
				40EBB5312B025D2E0041B519 /* Listing.swift */,
			);
			path = Model;
			sourceTree = "<group>";
		};
		40EBB5352B0266950041B519 /* View */ = {
			isa = PBXGroup;
			children = (
				409A13822AFD0FBB0081503A /* ExploreView.swift */,
				409A13872AFD188B0081503A /* SearchBar.swift */,
				40EBB5252B01128B0041B519 /* DestinationSearchView.swift */,
			);
			path = View;
			sourceTree = "<group>";
		};
		40EBB5362B02669A0041B519 /* ViewModel */ = {
			isa = PBXGroup;
			children = (
				40EBB5372B0266CE0041B519 /* ExploreViewModel.swift */,
			);
			path = ViewModel;
			sourceTree = "<group>";
		};
		40EBB5392B0267500041B519 /* Service */ = {
			isa = PBXGroup;
			children = (
				40EBB53A2B0267770041B519 /* ExploreService.swift */,
			);
			path = Service;
			sourceTree = "<group>";
		};
/* End PBXGroup section */

/* Begin PBXNativeTarget section */
		409A13682AFD0D320081503A /* AirbnbSwiftUI */ = {
			isa = PBXNativeTarget;
			buildConfigurationList = 409A13772AFD0D340081503A /* Build configuration list for PBXNativeTarget "AirbnbSwiftUI" */;
			buildPhases = (
				409A13652AFD0D320081503A /* Sources */,
				409A13662AFD0D320081503A /* Frameworks */,
				409A13672AFD0D320081503A /* Resources */,
			);
			buildRules = (
			);
			dependencies = (
			);
			name = AirbnbSwiftUI;
			productName = AirbnbSwiftUI;
			productReference = 409A13692AFD0D320081503A /* AirbnbSwiftUI.app */;
			productType = "com.apple.product-type.application";
		};
/* End PBXNativeTarget section */

/* Begin PBXProject section */
		409A13612AFD0D320081503A /* Project object */ = {
			isa = PBXProject;
			attributes = {
				BuildIndependentTargetsInParallel = 1;
				LastSwiftUpdateCheck = 1500;
				LastUpgradeCheck = 1500;
				TargetAttributes = {
					409A13682AFD0D320081503A = {
						CreatedOnToolsVersion = 15.0.1;
					};
				};
			};
			buildConfigurationList = 409A13642AFD0D320081503A /* Build configuration list for PBXProject "AirbnbSwiftUI" */;
			compatibilityVersion = "Xcode 14.0";
			developmentRegion = en;
			hasScannedForEncodings = 0;
			knownRegions = (
				en,
				Base,
			);
			mainGroup = 409A13602AFD0D320081503A;
			productRefGroup = 409A136A2AFD0D320081503A /* Products */;
			projectDirPath = "";
			projectRoot = "";
			targets = (
				409A13682AFD0D320081503A /* AirbnbSwiftUI */,
			);
		};
/* End PBXProject section */

/* Begin PBXResourcesBuildPhase section */
		409A13672AFD0D320081503A /* Resources */ = {
			isa = PBXResourcesBuildPhase;
			buildActionMask = 2147483647;
			files = (
				409A13742AFD0D340081503A /* Preview Assets.xcassets in Resources */,
				409A13712AFD0D340081503A /* Assets.xcassets in Resources */,
			);
			runOnlyForDeploymentPostprocessing = 0;
		};
/* End PBXResourcesBuildPhase section */

/* Begin PBXSourcesBuildPhase section */
		409A13652AFD0D320081503A /* Sources */ = {
			isa = PBXSourcesBuildPhase;
			buildActionMask = 2147483647;
			files = (
				40EBB5232AFF5FCB0041B519 /* ListingImageCarouselView.swift in Sources */,
				40EBB5282B0254860041B519 /* ProfileView.swift in Sources */,
				40EBB52A2B02567B0041B519 /* ProfileOptionRowView.swift in Sources */,
				40EBB5262B01128B0041B519 /* DestinationSearchView.swift in Sources */,
				409A136F2AFD0D320081503A /* ContentView.swift in Sources */,
				409A13852AFD11110081503A /* ListingItemView.swift in Sources */,
				40EBB5382B0266CE0041B519 /* ExploreViewModel.swift in Sources */,
				40EBB52C2B0257C00041B519 /* WishlistsView.swift in Sources */,
				40EBB5322B025D2E0041B519 /* Listing.swift in Sources */,
				409A13882AFD188B0081503A /* SearchBar.swift in Sources */,
				409A13832AFD0FBB0081503A /* ExploreView.swift in Sources */,
				40EBB5202AFF5F160041B519 /* ListingDetailView.swift in Sources */,
				409A136D2AFD0D320081503A /* AirbnbSwiftUIApp.swift in Sources */,
				40EBB52E2B02595A0041B519 /* MainTabView.swift in Sources */,
				40EBB5342B0262500041B519 /* DeveloperPreview.swift in Sources */,
				40EBB53B2B0267770041B519 /* ExploreService.swift in Sources */,
			);
			runOnlyForDeploymentPostprocessing = 0;
		};
/* End PBXSourcesBuildPhase section */

/* Begin XCBuildConfiguration section */
		409A13752AFD0D340081503A /* Debug */ = {
			isa = XCBuildConfiguration;
			buildSettings = {
				ALWAYS_SEARCH_USER_PATHS = NO;
				ASSETCATALOG_COMPILER_GENERATE_SWIFT_ASSET_SYMBOL_EXTENSIONS = YES;
				CLANG_ANALYZER_NONNULL = YES;
				CLANG_ANALYZER_NUMBER_OBJECT_CONVERSION = YES_AGGRESSIVE;
				CLANG_CXX_LANGUAGE_STANDARD = "gnu++20";
				CLANG_ENABLE_MODULES = YES;
				CLANG_ENABLE_OBJC_ARC = YES;
				CLANG_ENABLE_OBJC_WEAK = YES;
				CLANG_WARN_BLOCK_CAPTURE_AUTORELEASING = YES;
				CLANG_WARN_BOOL_CONVERSION = YES;
				CLANG_WARN_COMMA = YES;
				CLANG_WARN_CONSTANT_CONVERSION = YES;
				CLANG_WARN_DEPRECATED_OBJC_IMPLEMENTATIONS = YES;
				CLANG_WARN_DIRECT_OBJC_ISA_USAGE = YES_ERROR;
				CLANG_WARN_DOCUMENTATION_COMMENTS = YES;
				CLANG_WARN_EMPTY_BODY = YES;
				CLANG_WARN_ENUM_CONVERSION = YES;
				CLANG_WARN_INFINITE_RECURSION = YES;
				CLANG_WARN_INT_CONVERSION = YES;
				CLANG_WARN_NON_LITERAL_NULL_CONVERSION = YES;
				CLANG_WARN_OBJC_IMPLICIT_RETAIN_SELF = YES;
				CLANG_WARN_OBJC_LITERAL_CONVERSION = YES;
				CLANG_WARN_OBJC_ROOT_CLASS = YES_ERROR;
				CLANG_WARN_QUOTED_INCLUDE_IN_FRAMEWORK_HEADER = YES;
				CLANG_WARN_RANGE_LOOP_ANALYSIS = YES;
				CLANG_WARN_STRICT_PROTOTYPES = YES;
				CLANG_WARN_SUSPICIOUS_MOVE = YES;
				CLANG_WARN_UNGUARDED_AVAILABILITY = YES_AGGRESSIVE;
				CLANG_WARN_UNREACHABLE_CODE = YES;
				CLANG_WARN__DUPLICATE_METHOD_MATCH = YES;
				COPY_PHASE_STRIP = NO;
				DEBUG_INFORMATION_FORMAT = dwarf;
				ENABLE_STRICT_OBJC_MSGSEND = YES;
				ENABLE_TESTABILITY = YES;
				ENABLE_USER_SCRIPT_SANDBOXING = YES;
				GCC_C_LANGUAGE_STANDARD = gnu17;
				GCC_DYNAMIC_NO_PIC = NO;
				GCC_NO_COMMON_BLOCKS = YES;
				GCC_OPTIMIZATION_LEVEL = 0;
				GCC_PREPROCESSOR_DEFINITIONS = (
					"DEBUG=1",
					"$(inherited)",
				);
				GCC_WARN_64_TO_32_BIT_CONVERSION = YES;
				GCC_WARN_ABOUT_RETURN_TYPE = YES_ERROR;
				GCC_WARN_UNDECLARED_SELECTOR = YES;
				GCC_WARN_UNINITIALIZED_AUTOS = YES_AGGRESSIVE;
				GCC_WARN_UNUSED_FUNCTION = YES;
				GCC_WARN_UNUSED_VARIABLE = YES;
				IPHONEOS_DEPLOYMENT_TARGET = 17.0;
				LOCALIZATION_PREFERS_STRING_CATALOGS = YES;
				MTL_ENABLE_DEBUG_INFO = INCLUDE_SOURCE;
				MTL_FAST_MATH = YES;
				ONLY_ACTIVE_ARCH = YES;
				SDKROOT = iphoneos;
				SWIFT_ACTIVE_COMPILATION_CONDITIONS = "DEBUG $(inherited)";
				SWIFT_OPTIMIZATION_LEVEL = "-Onone";
			};
			name = Debug;
		};
		409A13762AFD0D340081503A /* Release */ = {
			isa = XCBuildConfiguration;
			buildSettings = {
				ALWAYS_SEARCH_USER_PATHS = NO;
				ASSETCATALOG_COMPILER_GENERATE_SWIFT_ASSET_SYMBOL_EXTENSIONS = YES;
				CLANG_ANALYZER_NONNULL = YES;
				CLANG_ANALYZER_NUMBER_OBJECT_CONVERSION = YES_AGGRESSIVE;
				CLANG_CXX_LANGUAGE_STANDARD = "gnu++20";
				CLANG_ENABLE_MODULES = YES;
				CLANG_ENABLE_OBJC_ARC = YES;
				CLANG_ENABLE_OBJC_WEAK = YES;
				CLANG_WARN_BLOCK_CAPTURE_AUTORELEASING = YES;
				CLANG_WARN_BOOL_CONVERSION = YES;
				CLANG_WARN_COMMA = YES;
				CLANG_WARN_CONSTANT_CONVERSION = YES;
				CLANG_WARN_DEPRECATED_OBJC_IMPLEMENTATIONS = YES;
				CLANG_WARN_DIRECT_OBJC_ISA_USAGE = YES_ERROR;
				CLANG_WARN_DOCUMENTATION_COMMENTS = YES;
				CLANG_WARN_EMPTY_BODY = YES;
				CLANG_WARN_ENUM_CONVERSION = YES;
				CLANG_WARN_INFINITE_RECURSION = YES;
				CLANG_WARN_INT_CONVERSION = YES;
				CLANG_WARN_NON_LITERAL_NULL_CONVERSION = YES;
				CLANG_WARN_OBJC_IMPLICIT_RETAIN_SELF = YES;
				CLANG_WARN_OBJC_LITERAL_CONVERSION = YES;
				CLANG_WARN_OBJC_ROOT_CLASS = YES_ERROR;
				CLANG_WARN_QUOTED_INCLUDE_IN_FRAMEWORK_HEADER = YES;
				CLANG_WARN_RANGE_LOOP_ANALYSIS = YES;
				CLANG_WARN_STRICT_PROTOTYPES = YES;
				CLANG_WARN_SUSPICIOUS_MOVE = YES;
				CLANG_WARN_UNGUARDED_AVAILABILITY = YES_AGGRESSIVE;
				CLANG_WARN_UNREACHABLE_CODE = YES;
				CLANG_WARN__DUPLICATE_METHOD_MATCH = YES;
				COPY_PHASE_STRIP = NO;
				DEBUG_INFORMATION_FORMAT = "dwarf-with-dsym";
				ENABLE_NS_ASSERTIONS = NO;
				ENABLE_STRICT_OBJC_MSGSEND = YES;
				ENABLE_USER_SCRIPT_SANDBOXING = YES;
				GCC_C_LANGUAGE_STANDARD = gnu17;
				GCC_NO_COMMON_BLOCKS = YES;
				GCC_WARN_64_TO_32_BIT_CONVERSION = YES;
				GCC_WARN_ABOUT_RETURN_TYPE = YES_ERROR;
				GCC_WARN_UNDECLARED_SELECTOR = YES;
				GCC_WARN_UNINITIALIZED_AUTOS = YES_AGGRESSIVE;
				GCC_WARN_UNUSED_FUNCTION = YES;
				GCC_WARN_UNUSED_VARIABLE = YES;
				IPHONEOS_DEPLOYMENT_TARGET = 17.0;
				LOCALIZATION_PREFERS_STRING_CATALOGS = YES;
				MTL_ENABLE_DEBUG_INFO = NO;
				MTL_FAST_MATH = YES;
				SDKROOT = iphoneos;
				SWIFT_COMPILATION_MODE = wholemodule;
				VALIDATE_PRODUCT = YES;
			};
			name = Release;
		};
		409A13782AFD0D340081503A /* Debug */ = {
			isa = XCBuildConfiguration;
			buildSettings = {
				ASSETCATALOG_COMPILER_APPICON_NAME = AppIcon;
				ASSETCATALOG_COMPILER_GLOBAL_ACCENT_COLOR_NAME = AccentColor;
				CODE_SIGN_STYLE = Automatic;
				CURRENT_PROJECT_VERSION = 1;
				DEVELOPMENT_ASSET_PATHS = "\"AirbnbSwiftUI/Preview Content\"";
				ENABLE_PREVIEWS = YES;
				GENERATE_INFOPLIST_FILE = YES;
				INFOPLIST_KEY_UIApplicationSceneManifest_Generation = YES;
				INFOPLIST_KEY_UIApplicationSupportsIndirectInputEvents = YES;
				INFOPLIST_KEY_UILaunchScreen_Generation = YES;
				INFOPLIST_KEY_UISupportedInterfaceOrientations_iPad = "UIInterfaceOrientationPortrait UIInterfaceOrientationPortraitUpsideDown UIInterfaceOrientationLandscapeLeft UIInterfaceOrientationLandscapeRight";
				INFOPLIST_KEY_UISupportedInterfaceOrientations_iPhone = "UIInterfaceOrientationPortrait UIInterfaceOrientationLandscapeLeft UIInterfaceOrientationLandscapeRight";
				LD_RUNPATH_SEARCH_PATHS = (
					"$(inherited)",
					"@executable_path/Frameworks",
				);
				MARKETING_VERSION = 1.0;
				PRODUCT_BUNDLE_IDENTIFIER = com.boardguy.AirbnbSwiftUI;
				PRODUCT_NAME = "$(TARGET_NAME)";
				SWIFT_EMIT_LOC_STRINGS = YES;
				SWIFT_VERSION = 5.0;
				TARGETED_DEVICE_FAMILY = "1,2";
			};
			name = Debug;
		};
		409A13792AFD0D340081503A /* Release */ = {
			isa = XCBuildConfiguration;
			buildSettings = {
				ASSETCATALOG_COMPILER_APPICON_NAME = AppIcon;
				ASSETCATALOG_COMPILER_GLOBAL_ACCENT_COLOR_NAME = AccentColor;
				CODE_SIGN_STYLE = Automatic;
				CURRENT_PROJECT_VERSION = 1;
				DEVELOPMENT_ASSET_PATHS = "\"AirbnbSwiftUI/Preview Content\"";
				ENABLE_PREVIEWS = YES;
				GENERATE_INFOPLIST_FILE = YES;
				INFOPLIST_KEY_UIApplicationSceneManifest_Generation = YES;
				INFOPLIST_KEY_UIApplicationSupportsIndirectInputEvents = YES;
				INFOPLIST_KEY_UILaunchScreen_Generation = YES;
				INFOPLIST_KEY_UISupportedInterfaceOrientations_iPad = "UIInterfaceOrientationPortrait UIInterfaceOrientationPortraitUpsideDown UIInterfaceOrientationLandscapeLeft UIInterfaceOrientationLandscapeRight";
				INFOPLIST_KEY_UISupportedInterfaceOrientations_iPhone = "UIInterfaceOrientationPortrait UIInterfaceOrientationLandscapeLeft UIInterfaceOrientationLandscapeRight";
				LD_RUNPATH_SEARCH_PATHS = (
					"$(inherited)",
					"@executable_path/Frameworks",
				);
				MARKETING_VERSION = 1.0;
				PRODUCT_BUNDLE_IDENTIFIER = com.boardguy.AirbnbSwiftUI;
				PRODUCT_NAME = "$(TARGET_NAME)";
				SWIFT_EMIT_LOC_STRINGS = YES;
				SWIFT_VERSION = 5.0;
				TARGETED_DEVICE_FAMILY = "1,2";
			};
			name = Release;
		};
/* End XCBuildConfiguration section */

/* Begin XCConfigurationList section */
		409A13642AFD0D320081503A /* Build configuration list for PBXProject "AirbnbSwiftUI" */ = {
			isa = XCConfigurationList;
			buildConfigurations = (
				409A13752AFD0D340081503A /* Debug */,
				409A13762AFD0D340081503A /* Release */,
			);
			defaultConfigurationIsVisible = 0;
			defaultConfigurationName = Release;
		};
		409A13772AFD0D340081503A /* Build configuration list for PBXNativeTarget "AirbnbSwiftUI" */ = {
			isa = XCConfigurationList;
			buildConfigurations = (
				409A13782AFD0D340081503A /* Debug */,
				409A13792AFD0D340081503A /* Release */,
			);
			defaultConfigurationIsVisible = 0;
			defaultConfigurationName = Release;
		};
/* End XCConfigurationList section */
	};
	rootObject = 409A13612AFD0D320081503A /* Project object */;
}
